
Microsoft Visual Studio Solution File, Format Version 12.00
# Visual Studio 2013
VisualStudioVersion = 12.0.30501.0
MinimumVisualStudioVersion = 10.0.40219.1
Project("{FAE04EC0-301F-11D3-BF4B-00C04F79EFBC}") = "TestADWinform", "TestADWinform\TestADWinform.csproj", "{76CFB2F2-9A7E-4BC2-95B0-01439F50B856}"
EndProject
Project("{FAE04EC0-301F-11D3-BF4B-00C04F79EFBC}") = "Bussiness", "Bussiness\Bussiness.csproj", "{16ED6778-95D7-4C01-B2D2-E582ED86FBDF}"
EndProject
Project("{FAE04EC0-301F-11D3-BF4B-00C04F79EFBC}") = "ADModel", "ADModel\ADModel.csproj", "{6284E00E-0F1A-4C01-946B-C22EA5969A60}"
EndProject
Global
	GlobalSection(SolutionConfigurationPlatforms) = preSolution
		Debug|Any CPU = Debug|Any CPU
		Release|Any CPU = Release|Any CPU
	EndGlobalSection
	GlobalSection(ProjectConfigurationPlatforms) = postSolution
		{76CFB2F2-9A7E-4BC2-95B0-01439F50B856}.Debug|Any CPU.ActiveCfg = Debug|Any CPU
		{76CFB2F2-9A7E-4BC2-95B0-01439F50B856}.Debug|Any CPU.Build.0 = Debug|Any CPU
		{76CFB2F2-9A7E-4BC2-95B0-01439F50B856}.Release|Any CPU.ActiveCfg = Release|Any CPU
		{76CFB2F2-9A7E-4BC2-95B0-01439F50B856}.Release|Any CPU.Build.0 = Release|Any CPU
		{16ED6778-95D7-4C01-B2D2-E582ED86FBDF}.Debug|Any CPU.ActiveCfg = Debug|Any CPU
		{16ED6778-95D7-4C01-B2D2-E582ED86FBDF}.Debug|Any CPU.Build.0 = Debug|Any CPU
		{16ED6778-95D7-4C01-B2D2-E582ED86FBDF}.Release|Any CPU.ActiveCfg = Release|Any CPU
		{16ED6778-95D7-4C01-B2D2-E582ED86FBDF}.Release|Any CPU.Build.0 = Release|Any CPU
		{6284E00E-0F1A-4C01-946B-C22EA5969A60}.Debug|Any CPU.ActiveCfg = Debug|Any CPU
		{6284E00E-0F1A-4C01-946B-C22EA5969A60}.Debug|Any CPU.Build.0 = Debug|Any CPU
		{6284E00E-0F1A-4C01-946B-C22EA5969A60}.Release|Any CPU.ActiveCfg = Release|Any CPU
		{6284E00E-0F1A-4C01-946B-C22EA5969A60}.Release|Any CPU.Build.0 = Release|Any CPU
	EndGlobalSection
	GlobalSection(SolutionProperties) = preSolution
		HideSolutionNode = FALSE
	EndGlobalSection
EndGlobal
